
Microsoft Visual Studio Solution File, Format Version 12.00
# Visual Studio 15
VisualStudioVersion = 15.0.28010.2046
MinimumVisualStudioVersion = 10.0.40219.1
Project("{8BC9CEB8-8B4A-11D0-8D11-00A0C91BC942}") = "A29-纯虚函数", "A29-纯虚函数\A29-纯虚函数.vcxproj", "{FADDBF9D-9450-4C4B-994F-BAD20B5881E5}"
EndProject
Global
	GlobalSection(SolutionConfigurationPlatforms) = preSolution
		Debug|x64 = Debug|x64
		Debug|x86 = Debug|x86
		Release|x64 = Release|x64
		Release|x86 = Release|x86
	EndGlobalSection
	GlobalSection(ProjectConfigurationPlatforms) = postSolution
		{FADDBF9D-9450-4C4B-994F-BAD20B5881E5}.Debug|x64.ActiveCfg = Debug|x64
		{FADDBF9D-9450-4C4B-994F-BAD20B5881E5}.Debug|x64.Build.0 = Debug|x64
		{FADDBF9D-9450-4C4B-994F-BAD20B5881E5}.Debug|x86.ActiveCfg = Debug|Win32
		{FADDBF9D-9450-4C4B-994F-BAD20B5881E5}.Debug|x86.Build.0 = Debug|Win32
		{FADDBF9D-9450-4C4B-994F-BAD20B5881E5}.Release|x64.ActiveCfg = Release|x64
		{FADDBF9D-9450-4C4B-994F-BAD20B5881E5}.Release|x64.Build.0 = Release|x64
		{FADDBF9D-9450-4C4B-994F-BAD20B5881E5}.Release|x86.ActiveCfg = Release|Win32
		{FADDBF9D-9450-4C4B-994F-BAD20B5881E5}.Release|x86.Build.0 = Release|Win32
	EndGlobalSection
	GlobalSection(SolutionProperties) = preSolution
		HideSolutionNode = FALSE
	EndGlobalSection
	GlobalSection(ExtensibilityGlobals) = postSolution
		SolutionGuid = {1BDBD005-F657-4E9D-AF51-FB34DA1B6544}
	EndGlobalSection
EndGlobal
